[ "basho_stats": {:git, "git://github.com/basho/basho_stats", "19c532af235ae675439d491b329c55c2f9b02deb", [ref: "HEAD"]},
  "bear": {:git, "git://github.com/basho/bear.git", "da820a13c607c3f816ee8b83c587266da5389761", [tag: "0.1.3p1"]},
  "bitcask": {:git, "git://github.com/basho/bitcask", "c3e9cc5e64bcfd6e342a85932a90428cfdc1ee2d", [ref: "master"]},
  "cberl": {:git, "git://github.com/chitika/cberl.git", "98f72731fdd76cb5630a3e4bc600012bbb64d546", []},
  "cluster_info": {:git, "git://github.com/basho/cluster_info", "c234bba9d0d8ae5c23fb3af055ec3387ed3b04f7", [branch: "master"]},
  "ebloom": {:git, "git://github.com/basho/ebloom", "0b6d7d9ee8d2b42f08d24d149d64848734c21121", [ref: "master"]},
  "edown": {:git, "git://github.com/esl/edown.git", "4cb4ad67382590d92228ea6c56225376bd9f5685", [ref: "HEAD"]},
  "ej": {:git, "git://github.com/seth/ej.git", "0332523799fdbab4b7c8e87074dcf57bb15005a6", []},
  "eleveldb": {:git, "git://github.com/basho/eleveldb.git", "6d7cac3f93600a041843ca09543882b5d97202b5", [ref: "master"]},
  "eper": {:git, "git://github.com/basho/eper.git", "db6027c8b30ed488cbc838d7e3f81276a5a4ac42", [ref: "master"]},
  "erlang_js": {:git, "git://github.com/basho/erlang_js", "bc8db2a770ef5359e47ad1e85bef5b345f4ea422", [ref: "master"]},
  "erlydtl": {:git, "git://github.com/evanmiller/erlydtl.git", "a1c91987b709c49ec3791b7aca3b3ae4a532069a", [branch: "master"]},
  "folsom": {:git, "git://github.com/basho/folsom.git", "4e485cec396d1e6f2cd0510d21101158089fa189", [tag: "0.7.4p1"]},
  "getopt": {:git, "git://github.com/jcomellas/getopt.git", "659a28f4145bc9843598972854299dc4ea77e4cb", [tag: "v0.4.3"]},
  "goldrush": {:git, "git://github.com/DeadZen/goldrush.git", "879c69874a555b2c13498aa4a3da6f6bbbb6a031", [tag: "879c69874a"]},
  "ibrowse": {:git, "git://github.com/cmullaparthi/ibrowse.git", "9b8b042fb7d37b90994ef6b6615c92dd2769328e", [tag: "v4.0.1"]},
  "jiffy": {:git, "https://github.com/davisp/jiffy.git", "d16a4fd968e000b65e4678cccfad68d7a0a8bd1c", [branch: "master"]},
  "jsex": {:git, "git://github.com/talentdeficit/jsex.git", "3db1d520e00fb28c3eee4e5b30645d5878037c38", []},
  "json_rec": {:git, "git://github.com/justinkirby/json_rec.git", "8c72324e0f6fca8534ca733f8af03d4808f7e3be", []},
  "jsonex": {:git, "git://github.com/devinus/jsonex.git", "5795c1bc3d1bed1c2a379be415d0209fd076ef23", []},
  "jsx": {:git, "git://github.com/talentdeficit/jsx.git", "e50af6e109cb03bd26acf715cbc77de746507d1d", [tag: "v1.4.3"]},
  "lager": {:git, "git://github.com/basho/lager", "169cffd94759e99e2e8870b125861a91e3c1482a", [tag: "2.0.0"]},
  "lager_syslog": {:git, "git://github.com/basho/lager_syslog", "498bd2a70cf8a1876d5d49b7d06fd986ba8498eb", [tag: "2.0.0"]},
  "meck": {:git, "https://github.com/eproxus/meck", "8a9007c2ec664278f714c0805e4f128af54c3af8", [branch: "master"]},
  "merge_index": {:git, "git://github.com/basho/merge_index", "8992d90c1c5cc0d024b4c92d1e6c4cba03e07e91", [branch: "master"]},
  "merl": {:git, "git://github.com/erlydtl/merl.git", "0b0e5f74055b1f5092f54bcc6b1151de6773e4e8", [branch: "erlydtl"]},
  "mochiweb": {:git, "git://github.com/basho/mochiweb", "5e6e3e688dc9987a97e261431256e29671555c0b", [tag: "1.5.1p6"]},
  "node_package": {:git, "git://github.com/basho/node_package", "7d60ed665d56e65fbee779c5670c9155a8d88423", [tag: "1.3.8"]},
  "parse_trans": {:git, "https://github.com/uwiger/parse_trans.git", "763462825e4ce4660d43e6511078489ea50cdeca", [branch: "master"]},
  "poolboy": {:git, "https://github.com/devinus/poolboy.git", "3cc20d045243fe8d034a295923bd3deeb3be047a", [branch: "master"]},
  "proper": {:git, "https://github.com/manopapad/proper", "ca96110cb0bbbf31fbc7563e0424b2f2daafd156", [tag: "v1.0"]},
  "protobuffs": {:git, "git://github.com/basho/erlang_protobuffs.git", "d64ada24cf0479bcf3358bd67b3fb3d654ae1990", [tag: "0.8.1"]},
  "ranch": {:git, "git://github.com/basho/ranch.git", "3f70e09efe992bbe1989d40812eded936cd2a0e1", [tag: "0.4.0-p1"]},
  "rec2json": {:git, "git://github.com/lordnull/rec2json.git", "bf42addcc0334a562cfbe521e2de2da9c3b61222", []},
  "riak": {:git, "git://github.com/basho/riak.git", "88b552da30a153113408735a2b824d1656e5e782", []},
  "riak_api": {:git, "git://github.com/basho/riak_api.git", "ce34d4945f9ddcaa9b04fc00c7ea1c721be976e3", [ref: "master"]},
  "riak_control": {:git, "git://github.com/basho/riak_control", "f82054a90037d3f6fad4221ccb46c707faad86d6", [branch: "master"]},
  "riak_core": {:git, "git://github.com/basho/riak_core", "333169e8d4496a74acebb90919ef4765ed672451", [branch: "master"]},
  "riak_kv": {:git, "git://github.com/basho/riak_kv", "b5bb9f5aabde293776ecb0518c4a767f98dcb288", [branch: "master"]},
  "riak_pb": {:git, "git://github.com/basho/riak_pb", "26967cdefebdc6183fa0057644bed8cfc5ee36c9", [tag: "2.0.0.13"]},
  "riak_pipe": {:git, "git://github.com/basho/riak_pipe.git", "6d9b2ff318de09199c93f78e5f638746328e39b8", [ref: "master"]},
  "riak_search": {:git, "git://github.com/basho/riak_search", "7294f1c092da45cd0887a14eaf053598949fbc48", [branch: "master"]},
  "riak_sysmon": {:git, "git://github.com/basho/riak_sysmon", "ddf9ba746ba80b536906f592c8ba05d01a0a1dba", [branch: "master"]},
  "riakc": {:git, "git://github.com/basho/riak-erlang-client.git", "9b45959ff8a0b51d094f00f4283350104eee6a64", []},
  "riaknostic": {:git, "git://github.com/basho/riaknostic", "e2c234555408bce238bea56c3c84d77e4872b7b8", [branch: "master"]},
  "sext": {:git, "git://github.com/uwiger/sext", "3af54780327d02f5907c732be588e342bc876691", [ref: "master"]},
  "sidejob": {:git, "git://github.com/basho/sidejob", "a954ada9ba0665cff5779fdf3b6ba9c1094f4fb9", [ref: "master"]},
  "syslog": {:git, "git://github.com/Vagabond/erlang-syslog", "a67e9b6e61398f23917f1c1de2c0cc9728b1f172", [tag: "1.0.1"]},
  "webmachine": {:git, "git://github.com/basho/webmachine", "f88b4ded0264f163fadf20e3a4edef83bebc39dc", [branch: "master"]} ]
